
Microsoft Visual Studio Solution File, Format Version 12.00
# Visual Studio 15
VisualStudioVersion = 15.0.28307.1062
MinimumVisualStudioVersion = 10.0.40219.1
Project("{FAE04EC0-301F-11D3-BF4B-00C04F79EFBC}") = "Quickfile", "Quickfile\Quickfile.csproj", "{798E0CF5-E0A4-48B8-85A9-60F2637BDF80}"
EndProject
Global
	GlobalSection(SolutionConfigurationPlatforms) = preSolution
		Debug|Any CPU = Debug|Any CPU
		Release|Any CPU = Release|Any CPU
	EndGlobalSection
	GlobalSection(ProjectConfigurationPlatforms) = postSolution
		{798E0CF5-E0A4-48B8-85A9-60F2637BDF80}.Debug|Any CPU.ActiveCfg = Debug|Any CPU
		{798E0CF5-E0A4-48B8-85A9-60F2637BDF80}.Debug|Any CPU.Build.0 = Debug|Any CPU
		{798E0CF5-E0A4-48B8-85A9-60F2637BDF80}.Release|Any CPU.ActiveCfg = Release|Any CPU
		{798E0CF5-E0A4-48B8-85A9-60F2637BDF80}.Release|Any CPU.Build.0 = Release|Any CPU
	EndGlobalSection
	GlobalSection(SolutionProperties) = preSolution
		HideSolutionNode = FALSE
	EndGlobalSection
	GlobalSection(ExtensibilityGlobals) = postSolution
		SolutionGuid = {92E0D399-0AC6-483C-95D6-9BDA172F44EC}
	EndGlobalSection
EndGlobal
